github.com/goal-web/contracts v0.0.0-20220120093117-be8f72613bff h1:icWPUCgywE8+1zYemJ3t5mVHQBDVVprhVdhaULkrx9E=
github.com/goal-web/contracts v0.0.0-20220120093117-be8f72613bff/go.mod h1:lKHynU2Kgk6xyxL4afOJM4TO1kSa3RrCJ2bm5RtFMBw=
github.com/goal-web/supports v0.0.0-20220120125805-772978390d53 h1:9kZEpTALBs8xHWTJ8OkUthR23URN5o0PgxDwnxY9z0E=
github.com/goal-web/supports v0.0.0-20220120125805-772978390d53/go.mod h1:F4to2eJ5J8Wasj+iC2Ks20YQChPuY5A6XyvKkvcxPYA=
